
Microsoft Visual Studio Solution File, Format Version 12.00
# Visual Studio 15
VisualStudioVersion = 15.0.26124.0
MinimumVisualStudioVersion = 15.0.26124.0
Project("{FAE04EC0-301F-11D3-BF4B-00C04F79EFBC}") = "Domain", "Domain\Domain.csproj", "{721886DE-FADB-45EC-ACB2-288FFFB4EB13}"
EndProject
Project("{FAE04EC0-301F-11D3-BF4B-00C04F79EFBC}") = "Application", "Application\Application.csproj", "{68F96939-9958-4A8A-A1B7-69A20AB1110B}"
EndProject
Project("{FAE04EC0-301F-11D3-BF4B-00C04F79EFBC}") = "Persistence", "Persistence\Persistence.csproj", "{3CC27AE5-EF34-49F1-B57A-D6C0EA1B4C71}"
EndProject
Project("{FAE04EC0-301F-11D3-BF4B-00C04F79EFBC}") = "API", "API\API.csproj", "{CAFACF6A-2368-47B3-8D13-C1FE70E01ECE}"
EndProject
Global
	GlobalSection(SolutionConfigurationPlatforms) = preSolution
		Debug|Any CPU = Debug|Any CPU
		Debug|x64 = Debug|x64
		Debug|x86 = Debug|x86
		Release|Any CPU = Release|Any CPU
		Release|x64 = Release|x64
		Release|x86 = Release|x86
	EndGlobalSection
	GlobalSection(SolutionProperties) = preSolution
		HideSolutionNode = FALSE
	EndGlobalSection
	GlobalSection(ProjectConfigurationPlatforms) = postSolution
		{721886DE-FADB-45EC-ACB2-288FFFB4EB13}.Debug|Any CPU.ActiveCfg = Debug|Any CPU
		{721886DE-FADB-45EC-ACB2-288FFFB4EB13}.Debug|Any CPU.Build.0 = Debug|Any CPU
		{721886DE-FADB-45EC-ACB2-288FFFB4EB13}.Debug|x64.ActiveCfg = Debug|Any CPU
		{721886DE-FADB-45EC-ACB2-288FFFB4EB13}.Debug|x64.Build.0 = Debug|Any CPU
		{721886DE-FADB-45EC-ACB2-288FFFB4EB13}.Debug|x86.ActiveCfg = Debug|Any CPU
		{721886DE-FADB-45EC-ACB2-288FFFB4EB13}.Debug|x86.Build.0 = Debug|Any CPU
		{721886DE-FADB-45EC-ACB2-288FFFB4EB13}.Release|Any CPU.ActiveCfg = Release|Any CPU
		{721886DE-FADB-45EC-ACB2-288FFFB4EB13}.Release|Any CPU.Build.0 = Release|Any CPU
		{721886DE-FADB-45EC-ACB2-288FFFB4EB13}.Release|x64.ActiveCfg = Release|Any CPU
		{721886DE-FADB-45EC-ACB2-288FFFB4EB13}.Release|x64.Build.0 = Release|Any CPU
		{721886DE-FADB-45EC-ACB2-288FFFB4EB13}.Release|x86.ActiveCfg = Release|Any CPU
		{721886DE-FADB-45EC-ACB2-288FFFB4EB13}.Release|x86.Build.0 = Release|Any CPU
		{68F96939-9958-4A8A-A1B7-69A20AB1110B}.Debug|Any CPU.ActiveCfg = Debug|Any CPU
		{68F96939-9958-4A8A-A1B7-69A20AB1110B}.Debug|Any CPU.Build.0 = Debug|Any CPU
		{68F96939-9958-4A8A-A1B7-69A20AB1110B}.Debug|x64.ActiveCfg = Debug|Any CPU
		{68F96939-9958-4A8A-A1B7-69A20AB1110B}.Debug|x64.Build.0 = Debug|Any CPU
		{68F96939-9958-4A8A-A1B7-69A20AB1110B}.Debug|x86.ActiveCfg = Debug|Any CPU
		{68F96939-9958-4A8A-A1B7-69A20AB1110B}.Debug|x86.Build.0 = Debug|Any CPU
		{68F96939-9958-4A8A-A1B7-69A20AB1110B}.Release|Any CPU.ActiveCfg = Release|Any CPU
		{68F96939-9958-4A8A-A1B7-69A20AB1110B}.Release|Any CPU.Build.0 = Release|Any CPU
		{68F96939-9958-4A8A-A1B7-69A20AB1110B}.Release|x64.ActiveCfg = Release|Any CPU
		{68F96939-9958-4A8A-A1B7-69A20AB1110B}.Release|x64.Build.0 = Release|Any CPU
		{68F96939-9958-4A8A-A1B7-69A20AB1110B}.Release|x86.ActiveCfg = Release|Any CPU
		{68F96939-9958-4A8A-A1B7-69A20AB1110B}.Release|x86.Build.0 = Release|Any CPU
		{3CC27AE5-EF34-49F1-B57A-D6C0EA1B4C71}.Debug|Any CPU.ActiveCfg = Debug|Any CPU
		{3CC27AE5-EF34-49F1-B57A-D6C0EA1B4C71}.Debug|Any CPU.Build.0 = Debug|Any CPU
		{3CC27AE5-EF34-49F1-B57A-D6C0EA1B4C71}.Debug|x64.ActiveCfg = Debug|Any CPU
		{3CC27AE5-EF34-49F1-B57A-D6C0EA1B4C71}.Debug|x64.Build.0 = Debug|Any CPU
		{3CC27AE5-EF34-49F1-B57A-D6C0EA1B4C71}.Debug|x86.ActiveCfg = Debug|Any CPU
		{3CC27AE5-EF34-49F1-B57A-D6C0EA1B4C71}.Debug|x86.Build.0 = Debug|Any CPU
		{3CC27AE5-EF34-49F1-B57A-D6C0EA1B4C71}.Release|Any CPU.ActiveCfg = Release|Any CPU
		{3CC27AE5-EF34-49F1-B57A-D6C0EA1B4C71}.Release|Any CPU.Build.0 = Release|Any CPU
		{3CC27AE5-EF34-49F1-B57A-D6C0EA1B4C71}.Release|x64.ActiveCfg = Release|Any CPU
		{3CC27AE5-EF34-49F1-B57A-D6C0EA1B4C71}.Release|x64.Build.0 = Release|Any CPU
		{3CC27AE5-EF34-49F1-B57A-D6C0EA1B4C71}.Release|x86.ActiveCfg = Release|Any CPU
		{3CC27AE5-EF34-49F1-B57A-D6C0EA1B4C71}.Release|x86.Build.0 = Release|Any CPU
		{CAFACF6A-2368-47B3-8D13-C1FE70E01ECE}.Debug|Any CPU.ActiveCfg = Debug|Any CPU
		{CAFACF6A-2368-47B3-8D13-C1FE70E01ECE}.Debug|Any CPU.Build.0 = Debug|Any CPU
		{CAFACF6A-2368-47B3-8D13-C1FE70E01ECE}.Debug|x64.ActiveCfg = Debug|Any CPU
		{CAFACF6A-2368-47B3-8D13-C1FE70E01ECE}.Debug|x64.Build.0 = Debug|Any CPU
		{CAFACF6A-2368-47B3-8D13-C1FE70E01ECE}.Debug|x86.ActiveCfg = Debug|Any CPU
		{CAFACF6A-2368-47B3-8D13-C1FE70E01ECE}.Debug|x86.Build.0 = Debug|Any CPU
		{CAFACF6A-2368-47B3-8D13-C1FE70E01ECE}.Release|Any CPU.ActiveCfg = Release|Any CPU
		{CAFACF6A-2368-47B3-8D13-C1FE70E01ECE}.Release|Any CPU.Build.0 = Release|Any CPU
		{CAFACF6A-2368-47B3-8D13-C1FE70E01ECE}.Release|x64.ActiveCfg = Release|Any CPU
		{CAFACF6A-2368-47B3-8D13-C1FE70E01ECE}.Release|x64.Build.0 = Release|Any CPU
		{CAFACF6A-2368-47B3-8D13-C1FE70E01ECE}.Release|x86.ActiveCfg = Release|Any CPU
		{CAFACF6A-2368-47B3-8D13-C1FE70E01ECE}.Release|x86.Build.0 = Release|Any CPU
	EndGlobalSection
EndGlobal
